
Microsoft Visual Studio Solution File, Format Version 11.00
# Visual Studio 2010
Project("{FAE04EC0-301F-11D3-BF4B-00C04F79EFBC}") = "Assembly-CSharp", "Assembly-CSharp.csproj", "{B1CA5E48-37E4-17DB-7209-D4076AF0A168}"
EndProject
Global
	GlobalSection(SolutionConfigurationPlatforms) = preSolution
		Debug|Any CPU = Debug|Any CPU
		Release|Any CPU = Release|Any CPU
	EndGlobalSection
	GlobalSection(ProjectConfigurationPlatforms) = postSolution
		{B1CA5E48-37E4-17DB-7209-D4076AF0A168}.Debug|Any CPU.ActiveCfg = Debug|Any CPU
		{B1CA5E48-37E4-17DB-7209-D4076AF0A168}.Debug|Any CPU.Build.0 = Debug|Any CPU
		{B1CA5E48-37E4-17DB-7209-D4076AF0A168}.Release|Any CPU.ActiveCfg = Release|Any CPU
		{B1CA5E48-37E4-17DB-7209-D4076AF0A168}.Release|Any CPU.Build.0 = Release|Any CPU
	EndGlobalSection
	GlobalSection(SolutionProperties) = preSolution
		HideSolutionNode = FALSE
	EndGlobalSection
EndGlobal
